// !$*UTF8*$!
{
	archiveVersion = 1;
	classes = {
	};
	objectVersion = 56;
	objects = {

/* Begin PBXBuildFile section */
		33F8F4662BB5D51E002DF7D9 /* My_QuotesApp.swift in Sources */ = {isa = PBXBuildFile; fileRef = 33F8F4652BB5D51E002DF7D9 /* My_QuotesApp.swift */; };
		33F8F4682BB5D51E002DF7D9 /* ContentView.swift in Sources */ = {isa = PBXBuildFile; fileRef = 33F8F4672BB5D51E002DF7D9 /* ContentView.swift */; };
		33F8F46A2BB5D51F002DF7D9 /* Assets.xcassets in Resources */ = {isa = PBXBuildFile; fileRef = 33F8F4692BB5D51F002DF7D9 /* Assets.xcassets */; };
		33F8F46D2BB5D51F002DF7D9 /* Preview Assets.xcassets in Resources */ = {isa = PBXBuildFile; fileRef = 33F8F46C2BB5D51F002DF7D9 /* Preview Assets.xcassets */; };
		33F8F4742BB5D615002DF7D9 /* LocalStore.swift in Sources */ = {isa = PBXBuildFile; fileRef = 33F8F4732BB5D615002DF7D9 /* LocalStore.swift */; };
		33F8F4762BB5D620002DF7D9 /* Quote.swift in Sources */ = {isa = PBXBuildFile; fileRef = 33F8F4752BB5D620002DF7D9 /* Quote.swift */; };
		33F8F4782BB5F2B6002DF7D9 /* QuoteView.swift in Sources */ = {isa = PBXBuildFile; fileRef = 33F8F4772BB5F2B6002DF7D9 /* QuoteView.swift */; };
		33F8F47A2BB602A0002DF7D9 /* QuoteRowView.swift in Sources */ = {isa = PBXBuildFile; fileRef = 33F8F4792BB602A0002DF7D9 /* QuoteRowView.swift */; };
		33F8F4812BB72C79002DF7D9 /* SyncEngine.swift in Sources */ = {isa = PBXBuildFile; fileRef = 33F8F4802BB72C79002DF7D9 /* SyncEngine.swift */; };
/* End PBXBuildFile section */

/* Begin PBXFileReference section */
		33F8F4622BB5D51E002DF7D9 /* My Quotes.app */ = {isa = PBXFileReference; explicitFileType = wrapper.application; includeInIndex = 0; path = "My Quotes.app"; sourceTree = BUILT_PRODUCTS_DIR; };
		33F8F4652BB5D51E002DF7D9 /* My_QuotesApp.swift */ = {isa = PBXFileReference; lastKnownFileType = sourcecode.swift; path = My_QuotesApp.swift; sourceTree = "<group>"; };
		33F8F4672BB5D51E002DF7D9 /* ContentView.swift */ = {isa = PBXFileReference; lastKnownFileType = sourcecode.swift; path = ContentView.swift; sourceTree = "<group>"; };
		33F8F4692BB5D51F002DF7D9 /* Assets.xcassets */ = {isa = PBXFileReference; lastKnownFileType = folder.assetcatalog; path = Assets.xcassets; sourceTree = "<group>"; };
		33F8F46C2BB5D51F002DF7D9 /* Preview Assets.xcassets */ = {isa = PBXFileReference; lastKnownFileType = folder.assetcatalog; path = "Preview Assets.xcassets"; sourceTree = "<group>"; };
		33F8F4732BB5D615002DF7D9 /* LocalStore.swift */ = {isa = PBXFileReference; lastKnownFileType = sourcecode.swift; path = LocalStore.swift; sourceTree = "<group>"; };
		33F8F4752BB5D620002DF7D9 /* Quote.swift */ = {isa = PBXFileReference; lastKnownFileType = sourcecode.swift; path = Quote.swift; sourceTree = "<group>"; };
		33F8F4772BB5F2B6002DF7D9 /* QuoteView.swift */ = {isa = PBXFileReference; lastKnownFileType = sourcecode.swift; path = QuoteView.swift; sourceTree = "<group>"; };
		33F8F4792BB602A0002DF7D9 /* QuoteRowView.swift */ = {isa = PBXFileReference; lastKnownFileType = sourcecode.swift; path = QuoteRowView.swift; sourceTree = "<group>"; };
		33F8F47D2BB7290E002DF7D9 /* README.MD */ = {isa = PBXFileReference; lastKnownFileType = net.daringfireball.markdown; path = README.MD; sourceTree = "<group>"; };
		33F8F47E2BB7294E002DF7D9 /* My-Quotes-Info.plist */ = {isa = PBXFileReference; lastKnownFileType = text.plist; path = "My-Quotes-Info.plist"; sourceTree = SOURCE_ROOT; };
		33F8F47F2BB72984002DF7D9 /* My Quotes.entitlements */ = {isa = PBXFileReference; lastKnownFileType = text.plist.entitlements; path = "My Quotes.entitlements"; sourceTree = "<group>"; };
		33F8F4802BB72C79002DF7D9 /* SyncEngine.swift */ = {isa = PBXFileReference; lastKnownFileType = sourcecode.swift; path = SyncEngine.swift; sourceTree = "<group>"; };
/* End PBXFileReference section */

/* Begin PBXFrameworksBuildPhase section */
		33F8F45F2BB5D51E002DF7D9 /* Frameworks */ = {
			isa = PBXFrameworksBuildPhase;
			buildActionMask = 2147483647;
			files = (
			);
			runOnlyForDeploymentPostprocessing = 0;
		};
/* End PBXFrameworksBuildPhase section */

/* Begin PBXGroup section */
		33F8F4592BB5D51E002DF7D9 = {
			isa = PBXGroup;
			children = (
				33F8F47D2BB7290E002DF7D9 /* README.MD */,
				33F8F4642BB5D51E002DF7D9 /* My Quotes */,
				33F8F4632BB5D51E002DF7D9 /* Products */,
			);
			sourceTree = "<group>";
		};
		33F8F4632BB5D51E002DF7D9 /* Products */ = {
			isa = PBXGroup;
			children = (
				33F8F4622BB5D51E002DF7D9 /* My Quotes.app */,
			);
			name = Products;
			sourceTree = "<group>";
		};
		33F8F4642BB5D51E002DF7D9 /* My Quotes */ = {
			isa = PBXGroup;
			children = (
				33F8F47F2BB72984002DF7D9 /* My Quotes.entitlements */,
				33F8F47E2BB7294E002DF7D9 /* My-Quotes-Info.plist */,
				33F8F4652BB5D51E002DF7D9 /* My_QuotesApp.swift */,
				33F8F4672BB5D51E002DF7D9 /* ContentView.swift */,
				33F8F4792BB602A0002DF7D9 /* QuoteRowView.swift */,
				33F8F4772BB5F2B6002DF7D9 /* QuoteView.swift */,
				33F8F4692BB5D51F002DF7D9 /* Assets.xcassets */,
				33F8F46B2BB5D51F002DF7D9 /* Preview Content */,
				33F8F4732BB5D615002DF7D9 /* LocalStore.swift */,
				33F8F4802BB72C79002DF7D9 /* SyncEngine.swift */,
				33F8F4752BB5D620002DF7D9 /* Quote.swift */,
			);
			path = "My Quotes";
			sourceTree = "<group>";
		};
		33F8F46B2BB5D51F002DF7D9 /* Preview Content */ = {
			isa = PBXGroup;
			children = (
				33F8F46C2BB5D51F002DF7D9 /* Preview Assets.xcassets */,
			);
			path = "Preview Content";
			sourceTree = "<group>";
		};
/* End PBXGroup section */

/* Begin PBXNativeTarget section */
		33F8F4612BB5D51E002DF7D9 /* My Quotes */ = {
			isa = PBXNativeTarget;
			buildConfigurationList = 33F8F4702BB5D51F002DF7D9 /* Build configuration list for PBXNativeTarget "My Quotes" */;
			buildPhases = (
				33F8F45E2BB5D51E002DF7D9 /* Sources */,
				33F8F45F2BB5D51E002DF7D9 /* Frameworks */,
				33F8F4602BB5D51E002DF7D9 /* Resources */,
			);
			buildRules = (
			);
			dependencies = (
			);
			name = "My Quotes";
			productName = "My Quotes";
			productReference = 33F8F4622BB5D51E002DF7D9 /* My Quotes.app */;
			productType = "com.apple.product-type.application";
		};
/* End PBXNativeTarget section */

/* Begin PBXProject section */
		33F8F45A2BB5D51E002DF7D9 /* Project object */ = {
			isa = PBXProject;
			attributes = {
				BuildIndependentTargetsInParallel = 1;
				LastSwiftUpdateCheck = 1530;
				LastUpgradeCheck = 1530;
				TargetAttributes = {
					33F8F4612BB5D51E002DF7D9 = {
						CreatedOnToolsVersion = 15.3;
					};
				};
			};
			buildConfigurationList = 33F8F45D2BB5D51E002DF7D9 /* Build configuration list for PBXProject "My Quotes" */;
			compatibilityVersion = "Xcode 14.0";
			developmentRegion = en;
			hasScannedForEncodings = 0;
			knownRegions = (
				en,
				Base,
			);
			mainGroup = 33F8F4592BB5D51E002DF7D9;
			productRefGroup = 33F8F4632BB5D51E002DF7D9 /* Products */;
			projectDirPath = "";
			projectRoot = "";
			targets = (
				33F8F4612BB5D51E002DF7D9 /* My Quotes */,
			);
		};
/* End PBXProject section */

/* Begin PBXResourcesBuildPhase section */
		33F8F4602BB5D51E002DF7D9 /* Resources */ = {
			isa = PBXResourcesBuildPhase;
			buildActionMask = 2147483647;
			files = (
				33F8F46D2BB5D51F002DF7D9 /* Preview Assets.xcassets in Resources */,
				33F8F46A2BB5D51F002DF7D9 /* Assets.xcassets in Resources */,
			);
			runOnlyForDeploymentPostprocessing = 0;
		};
/* End PBXResourcesBuildPhase section */

/* Begin PBXSourcesBuildPhase section */
		33F8F45E2BB5D51E002DF7D9 /* Sources */ = {
			isa = PBXSourcesBuildPhase;
			buildActionMask = 2147483647;
			files = (
				33F8F4762BB5D620002DF7D9 /* Quote.swift in Sources */,
				33F8F4812BB72C79002DF7D9 /* SyncEngine.swift in Sources */,
				33F8F4782BB5F2B6002DF7D9 /* QuoteView.swift in Sources */,
				33F8F47A2BB602A0002DF7D9 /* QuoteRowView.swift in Sources */,
				33F8F4682BB5D51E002DF7D9 /* ContentView.swift in Sources */,
				33F8F4662BB5D51E002DF7D9 /* My_QuotesApp.swift in Sources */,
				33F8F4742BB5D615002DF7D9 /* LocalStore.swift in Sources */,
			);
			runOnlyForDeploymentPostprocessing = 0;
		};
/* End PBXSourcesBuildPhase section */

/* Begin XCBuildConfiguration section */
		33F8F46E2BB5D51F002DF7D9 /* Debug */ = {
			isa = XCBuildConfiguration;
			buildSettings = {
				ALWAYS_SEARCH_USER_PATHS = NO;
				ASSETCATALOG_COMPILER_GENERATE_SWIFT_ASSET_SYMBOL_EXTENSIONS = YES;
				CLANG_ANALYZER_NONNULL = YES;
				CLANG_ANALYZER_NUMBER_OBJECT_CONVERSION = YES_AGGRESSIVE;
				CLANG_CXX_LANGUAGE_STANDARD = "gnu++20";
				CLANG_ENABLE_MODULES = YES;
				CLANG_ENABLE_OBJC_ARC = YES;
				CLANG_ENABLE_OBJC_WEAK = YES;
				CLANG_WARN_BLOCK_CAPTURE_AUTORELEASING = YES;
				CLANG_WARN_BOOL_CONVERSION = YES;
				CLANG_WARN_COMMA = YES;
				CLANG_WARN_CONSTANT_CONVERSION = YES;
				CLANG_WARN_DEPRECATED_OBJC_IMPLEMENTATIONS = YES;
				CLANG_WARN_DIRECT_OBJC_ISA_USAGE = YES_ERROR;
				CLANG_WARN_DOCUMENTATION_COMMENTS = YES;
				CLANG_WARN_EMPTY_BODY = YES;
				CLANG_WARN_ENUM_CONVERSION = YES;
				CLANG_WARN_INFINITE_RECURSION = YES;
				CLANG_WARN_INT_CONVERSION = YES;
				CLANG_WARN_NON_LITERAL_NULL_CONVERSION = YES;
				CLANG_WARN_OBJC_IMPLICIT_RETAIN_SELF = YES;
				CLANG_WARN_OBJC_LITERAL_CONVERSION = YES;
				CLANG_WARN_OBJC_ROOT_CLASS = YES_ERROR;
				CLANG_WARN_QUOTED_INCLUDE_IN_FRAMEWORK_HEADER = YES;
				CLANG_WARN_RANGE_LOOP_ANALYSIS = YES;
				CLANG_WARN_STRICT_PROTOTYPES = YES;
				CLANG_WARN_SUSPICIOUS_MOVE = YES;
				CLANG_WARN_UNGUARDED_AVAILABILITY = YES_AGGRESSIVE;
				CLANG_WARN_UNREACHABLE_CODE = YES;
				CLANG_WARN__DUPLICATE_METHOD_MATCH = YES;
				COPY_PHASE_STRIP = NO;
				DEBUG_INFORMATION_FORMAT = dwarf;
				ENABLE_STRICT_OBJC_MSGSEND = YES;
				ENABLE_TESTABILITY = YES;
				ENABLE_USER_SCRIPT_SANDBOXING = YES;
				GCC_C_LANGUAGE_STANDARD = gnu17;
				GCC_DYNAMIC_NO_PIC = NO;
				GCC_NO_COMMON_BLOCKS = YES;
				GCC_OPTIMIZATION_LEVEL = 0;
				GCC_PREPROCESSOR_DEFINITIONS = (
					"DEBUG=1",
					"$(inherited)",
				);
				GCC_WARN_64_TO_32_BIT_CONVERSION = YES;
				GCC_WARN_ABOUT_RETURN_TYPE = YES_ERROR;
				GCC_WARN_UNDECLARED_SELECTOR = YES;
				GCC_WARN_UNINITIALIZED_AUTOS = YES_AGGRESSIVE;
				GCC_WARN_UNUSED_FUNCTION = YES;
				GCC_WARN_UNUSED_VARIABLE = YES;
				IPHONEOS_DEPLOYMENT_TARGET = 17.4;
				LOCALIZATION_PREFERS_STRING_CATALOGS = YES;
				MTL_ENABLE_DEBUG_INFO = INCLUDE_SOURCE;
				MTL_FAST_MATH = YES;
				ONLY_ACTIVE_ARCH = YES;
				SDKROOT = iphoneos;
				SWIFT_ACTIVE_COMPILATION_CONDITIONS = "DEBUG $(inherited)";
				SWIFT_OPTIMIZATION_LEVEL = "-Onone";
			};
			name = Debug;
		};
		33F8F46F2BB5D51F002DF7D9 /* Release */ = {
			isa = XCBuildConfiguration;
			buildSettings = {
				ALWAYS_SEARCH_USER_PATHS = NO;
				ASSETCATALOG_COMPILER_GENERATE_SWIFT_ASSET_SYMBOL_EXTENSIONS = YES;
				CLANG_ANALYZER_NONNULL = YES;
				CLANG_ANALYZER_NUMBER_OBJECT_CONVERSION = YES_AGGRESSIVE;
				CLANG_CXX_LANGUAGE_STANDARD = "gnu++20";
				CLANG_ENABLE_MODULES = YES;
				CLANG_ENABLE_OBJC_ARC = YES;
				CLANG_ENABLE_OBJC_WEAK = YES;
				CLANG_WARN_BLOCK_CAPTURE_AUTORELEASING = YES;
				CLANG_WARN_BOOL_CONVERSION = YES;
				CLANG_WARN_COMMA = YES;
				CLANG_WARN_CONSTANT_CONVERSION = YES;
				CLANG_WARN_DEPRECATED_OBJC_IMPLEMENTATIONS = YES;
				CLANG_WARN_DIRECT_OBJC_ISA_USAGE = YES_ERROR;
				CLANG_WARN_DOCUMENTATION_COMMENTS = YES;
				CLANG_WARN_EMPTY_BODY = YES;
				CLANG_WARN_ENUM_CONVERSION = YES;
				CLANG_WARN_INFINITE_RECURSION = YES;
				CLANG_WARN_INT_CONVERSION = YES;
				CLANG_WARN_NON_LITERAL_NULL_CONVERSION = YES;
				CLANG_WARN_OBJC_IMPLICIT_RETAIN_SELF = YES;
				CLANG_WARN_OBJC_LITERAL_CONVERSION = YES;
				CLANG_WARN_OBJC_ROOT_CLASS = YES_ERROR;
				CLANG_WARN_QUOTED_INCLUDE_IN_FRAMEWORK_HEADER = YES;
				CLANG_WARN_RANGE_LOOP_ANALYSIS = YES;
				CLANG_WARN_STRICT_PROTOTYPES = YES;
				CLANG_WARN_SUSPICIOUS_MOVE = YES;
				CLANG_WARN_UNGUARDED_AVAILABILITY = YES_AGGRESSIVE;
				CLANG_WARN_UNREACHABLE_CODE = YES;
				CLANG_WARN__DUPLICATE_METHOD_MATCH = YES;
				COPY_PHASE_STRIP = NO;
				DEBUG_INFORMATION_FORMAT = "dwarf-with-dsym";
				ENABLE_NS_ASSERTIONS = NO;
				ENABLE_STRICT_OBJC_MSGSEND = YES;
				ENABLE_USER_SCRIPT_SANDBOXING = YES;
				GCC_C_LANGUAGE_STANDARD = gnu17;
				GCC_NO_COMMON_BLOCKS = YES;
				GCC_WARN_64_TO_32_BIT_CONVERSION = YES;
				GCC_WARN_ABOUT_RETURN_TYPE = YES_ERROR;
				GCC_WARN_UNDECLARED_SELECTOR = YES;
				GCC_WARN_UNINITIALIZED_AUTOS = YES_AGGRESSIVE;
				GCC_WARN_UNUSED_FUNCTION = YES;
				GCC_WARN_UNUSED_VARIABLE = YES;
				IPHONEOS_DEPLOYMENT_TARGET = 17.4;
				LOCALIZATION_PREFERS_STRING_CATALOGS = YES;
				MTL_ENABLE_DEBUG_INFO = NO;
				MTL_FAST_MATH = YES;
				SDKROOT = iphoneos;
				SWIFT_COMPILATION_MODE = wholemodule;
				VALIDATE_PRODUCT = YES;
			};
			name = Release;
		};
		33F8F4712BB5D51F002DF7D9 /* Debug */ = {
			isa = XCBuildConfiguration;
			buildSettings = {
				ASSETCATALOG_COMPILER_APPICON_NAME = AppIcon;
				ASSETCATALOG_COMPILER_GLOBAL_ACCENT_COLOR_NAME = AccentColor;
				CODE_SIGN_ENTITLEMENTS = "My Quotes/My Quotes.entitlements";
				CODE_SIGN_STYLE = Automatic;
				CURRENT_PROJECT_VERSION = 1;
				DEVELOPMENT_ASSET_PATHS = "\"My Quotes/Preview Content\"";
				DEVELOPMENT_TEAM = M5X536S592;
				ENABLE_PREVIEWS = YES;
				GENERATE_INFOPLIST_FILE = YES;
				INFOPLIST_FILE = "My-Quotes-Info.plist";
				INFOPLIST_KEY_UIApplicationSceneManifest_Generation = YES;
				INFOPLIST_KEY_UIApplicationSupportsIndirectInputEvents = YES;
				INFOPLIST_KEY_UILaunchScreen_Generation = YES;
				INFOPLIST_KEY_UISupportedInterfaceOrientations_iPad = "UIInterfaceOrientationPortrait UIInterfaceOrientationPortraitUpsideDown UIInterfaceOrientationLandscapeLeft UIInterfaceOrientationLandscapeRight";
				INFOPLIST_KEY_UISupportedInterfaceOrientations_iPhone = "UIInterfaceOrientationPortrait UIInterfaceOrientationLandscapeLeft UIInterfaceOrientationLandscapeRight";
				IPHONEOS_DEPLOYMENT_TARGET = 17.0;
				LD_RUNPATH_SEARCH_PATHS = (
					"$(inherited)",
					"@executable_path/Frameworks",
				);
				MARKETING_VERSION = 1.0;
				PRODUCT_BUNDLE_IDENTIFIER = "com.daywellspent.My-Quotes";
				PRODUCT_NAME = "$(TARGET_NAME)";
				SWIFT_EMIT_LOC_STRINGS = YES;
				SWIFT_VERSION = 5.0;
				TARGETED_DEVICE_FAMILY = "1,2";
			};
			name = Debug;
		};
		33F8F4722BB5D51F002DF7D9 /* Release */ = {
			isa = XCBuildConfiguration;
			buildSettings = {
				ASSETCATALOG_COMPILER_APPICON_NAME = AppIcon;
				ASSETCATALOG_COMPILER_GLOBAL_ACCENT_COLOR_NAME = AccentColor;
				CODE_SIGN_ENTITLEMENTS = "My Quotes/My Quotes.entitlements";
				CODE_SIGN_STYLE = Automatic;
				CURRENT_PROJECT_VERSION = 1;
				DEVELOPMENT_ASSET_PATHS = "\"My Quotes/Preview Content\"";
				DEVELOPMENT_TEAM = M5X536S592;
				ENABLE_PREVIEWS = YES;
				GENERATE_INFOPLIST_FILE = YES;
				INFOPLIST_FILE = "My-Quotes-Info.plist";
				INFOPLIST_KEY_UIApplicationSceneManifest_Generation = YES;
				INFOPLIST_KEY_UIApplicationSupportsIndirectInputEvents = YES;
				INFOPLIST_KEY_UILaunchScreen_Generation = YES;
				INFOPLIST_KEY_UISupportedInterfaceOrientations_iPad = "UIInterfaceOrientationPortrait UIInterfaceOrientationPortraitUpsideDown UIInterfaceOrientationLandscapeLeft UIInterfaceOrientationLandscapeRight";
				INFOPLIST_KEY_UISupportedInterfaceOrientations_iPhone = "UIInterfaceOrientationPortrait UIInterfaceOrientationLandscapeLeft UIInterfaceOrientationLandscapeRight";
				IPHONEOS_DEPLOYMENT_TARGET = 17.0;
				LD_RUNPATH_SEARCH_PATHS = (
					"$(inherited)",
					"@executable_path/Frameworks",
				);
				MARKETING_VERSION = 1.0;
				PRODUCT_BUNDLE_IDENTIFIER = "com.daywellspent.My-Quotes";
				PRODUCT_NAME = "$(TARGET_NAME)";
				SWIFT_EMIT_LOC_STRINGS = YES;
				SWIFT_VERSION = 5.0;
				TARGETED_DEVICE_FAMILY = "1,2";
			};
			name = Release;
		};
/* End XCBuildConfiguration section */

/* Begin XCConfigurationList section */
		33F8F45D2BB5D51E002DF7D9 /* Build configuration list for PBXProject "My Quotes" */ = {
			isa = XCConfigurationList;
			buildConfigurations = (
				33F8F46E2BB5D51F002DF7D9 /* Debug */,
				33F8F46F2BB5D51F002DF7D9 /* Release */,
			);
			defaultConfigurationIsVisible = 0;
			defaultConfigurationName = Release;
		};
		33F8F4702BB5D51F002DF7D9 /* Build configuration list for PBXNativeTarget "My Quotes" */ = {
			isa = XCConfigurationList;
			buildConfigurations = (
				33F8F4712BB5D51F002DF7D9 /* Debug */,
				33F8F4722BB5D51F002DF7D9 /* Release */,
			);
			defaultConfigurationIsVisible = 0;
			defaultConfigurationName = Release;
		};
/* End XCConfigurationList section */
	};
	rootObject = 33F8F45A2BB5D51E002DF7D9 /* Project object */;
}
